
Microsoft Visual Studio Solution File, Format Version 12.00
# Visual Studio Version 16
VisualStudioVersion = 16.0.29920.165
MinimumVisualStudioVersion = 10.0.40219.1
Project("{FAE04EC0-301F-11D3-BF4B-00C04F79EFBC}") = "ImageSlider.Android", "ImageSlider\ImageSlider.Android\ImageSlider.Android.csproj", "{FADC3AB9-48E4-499B-9DFB-3F0257CFB361}"
EndProject
Project("{FAE04EC0-301F-11D3-BF4B-00C04F79EFBC}") = "ImageSlider.iOS", "ImageSlider\ImageSlider.iOS\ImageSlider.iOS.csproj", "{B4ADAC1E-5012-49C6-834F-EC5A3D156FC3}"
EndProject
Project("{FAE04EC0-301F-11D3-BF4B-00C04F79EFBC}") = "ImageSlider", "ImageSlider\ImageSlider\ImageSlider.csproj", "{1F136D98-105A-4273-B422-FA37E5F80F9A}"
EndProject
Global
	GlobalSection(SolutionConfigurationPlatforms) = preSolution
		Debug|Any CPU = Debug|Any CPU
		Debug|iPhone = Debug|iPhone
		Debug|iPhoneSimulator = Debug|iPhoneSimulator
		Release|Any CPU = Release|Any CPU
		Release|iPhone = Release|iPhone
		Release|iPhoneSimulator = Release|iPhoneSimulator
	EndGlobalSection
	GlobalSection(ProjectConfigurationPlatforms) = postSolution
		{FADC3AB9-48E4-499B-9DFB-3F0257CFB361}.Debug|Any CPU.ActiveCfg = Debug|Any CPU
		{FADC3AB9-48E4-499B-9DFB-3F0257CFB361}.Debug|Any CPU.Build.0 = Debug|Any CPU
		{FADC3AB9-48E4-499B-9DFB-3F0257CFB361}.Debug|Any CPU.Deploy.0 = Debug|Any CPU
		{FADC3AB9-48E4-499B-9DFB-3F0257CFB361}.Debug|iPhone.ActiveCfg = Debug|Any CPU
		{FADC3AB9-48E4-499B-9DFB-3F0257CFB361}.Debug|iPhone.Build.0 = Debug|Any CPU
		{FADC3AB9-48E4-499B-9DFB-3F0257CFB361}.Debug|iPhone.Deploy.0 = Debug|Any CPU
		{FADC3AB9-48E4-499B-9DFB-3F0257CFB361}.Debug|iPhoneSimulator.ActiveCfg = Debug|Any CPU
		{FADC3AB9-48E4-499B-9DFB-3F0257CFB361}.Debug|iPhoneSimulator.Build.0 = Debug|Any CPU
		{FADC3AB9-48E4-499B-9DFB-3F0257CFB361}.Debug|iPhoneSimulator.Deploy.0 = Debug|Any CPU
		{FADC3AB9-48E4-499B-9DFB-3F0257CFB361}.Release|Any CPU.ActiveCfg = Release|Any CPU
		{FADC3AB9-48E4-499B-9DFB-3F0257CFB361}.Release|Any CPU.Build.0 = Release|Any CPU
		{FADC3AB9-48E4-499B-9DFB-3F0257CFB361}.Release|Any CPU.Deploy.0 = Release|Any CPU
		{FADC3AB9-48E4-499B-9DFB-3F0257CFB361}.Release|iPhone.ActiveCfg = Release|Any CPU
		{FADC3AB9-48E4-499B-9DFB-3F0257CFB361}.Release|iPhone.Build.0 = Release|Any CPU
		{FADC3AB9-48E4-499B-9DFB-3F0257CFB361}.Release|iPhone.Deploy.0 = Release|Any CPU
		{FADC3AB9-48E4-499B-9DFB-3F0257CFB361}.Release|iPhoneSimulator.ActiveCfg = Release|Any CPU
		{FADC3AB9-48E4-499B-9DFB-3F0257CFB361}.Release|iPhoneSimulator.Build.0 = Release|Any CPU
		{FADC3AB9-48E4-499B-9DFB-3F0257CFB361}.Release|iPhoneSimulator.Deploy.0 = Release|Any CPU
		{B4ADAC1E-5012-49C6-834F-EC5A3D156FC3}.Debug|Any CPU.ActiveCfg = Debug|iPhone
		{B4ADAC1E-5012-49C6-834F-EC5A3D156FC3}.Debug|Any CPU.Build.0 = Debug|iPhone
		{B4ADAC1E-5012-49C6-834F-EC5A3D156FC3}.Debug|Any CPU.Deploy.0 = Debug|iPhone
		{B4ADAC1E-5012-49C6-834F-EC5A3D156FC3}.Debug|iPhone.ActiveCfg = Debug|iPhone
		{B4ADAC1E-5012-49C6-834F-EC5A3D156FC3}.Debug|iPhone.Build.0 = Debug|iPhone
		{B4ADAC1E-5012-49C6-834F-EC5A3D156FC3}.Debug|iPhone.Deploy.0 = Debug|iPhone
		{B4ADAC1E-5012-49C6-834F-EC5A3D156FC3}.Debug|iPhoneSimulator.ActiveCfg = Debug|iPhoneSimulator
		{B4ADAC1E-5012-49C6-834F-EC5A3D156FC3}.Debug|iPhoneSimulator.Build.0 = Debug|iPhoneSimulator
		{B4ADAC1E-5012-49C6-834F-EC5A3D156FC3}.Debug|iPhoneSimulator.Deploy.0 = Debug|iPhoneSimulator
		{B4ADAC1E-5012-49C6-834F-EC5A3D156FC3}.Release|Any CPU.ActiveCfg = Release|iPhone
		{B4ADAC1E-5012-49C6-834F-EC5A3D156FC3}.Release|Any CPU.Build.0 = Release|iPhone
		{B4ADAC1E-5012-49C6-834F-EC5A3D156FC3}.Release|Any CPU.Deploy.0 = Release|iPhone
		{B4ADAC1E-5012-49C6-834F-EC5A3D156FC3}.Release|iPhone.ActiveCfg = Release|iPhone
		{B4ADAC1E-5012-49C6-834F-EC5A3D156FC3}.Release|iPhone.Build.0 = Release|iPhone
		{B4ADAC1E-5012-49C6-834F-EC5A3D156FC3}.Release|iPhone.Deploy.0 = Release|iPhone
		{B4ADAC1E-5012-49C6-834F-EC5A3D156FC3}.Release|iPhoneSimulator.ActiveCfg = Release|iPhoneSimulator
		{B4ADAC1E-5012-49C6-834F-EC5A3D156FC3}.Release|iPhoneSimulator.Build.0 = Release|iPhoneSimulator
		{B4ADAC1E-5012-49C6-834F-EC5A3D156FC3}.Release|iPhoneSimulator.Deploy.0 = Release|iPhoneSimulator
		{1F136D98-105A-4273-B422-FA37E5F80F9A}.Debug|Any CPU.ActiveCfg = Debug|Any CPU
		{1F136D98-105A-4273-B422-FA37E5F80F9A}.Debug|Any CPU.Build.0 = Debug|Any CPU
		{1F136D98-105A-4273-B422-FA37E5F80F9A}.Debug|Any CPU.Deploy.0 = Debug|Any CPU
		{1F136D98-105A-4273-B422-FA37E5F80F9A}.Debug|iPhone.ActiveCfg = Debug|Any CPU
		{1F136D98-105A-4273-B422-FA37E5F80F9A}.Debug|iPhone.Build.0 = Debug|Any CPU
		{1F136D98-105A-4273-B422-FA37E5F80F9A}.Debug|iPhone.Deploy.0 = Debug|Any CPU
		{1F136D98-105A-4273-B422-FA37E5F80F9A}.Debug|iPhoneSimulator.ActiveCfg = Debug|Any CPU
		{1F136D98-105A-4273-B422-FA37E5F80F9A}.Debug|iPhoneSimulator.Build.0 = Debug|Any CPU
		{1F136D98-105A-4273-B422-FA37E5F80F9A}.Debug|iPhoneSimulator.Deploy.0 = Debug|Any CPU
		{1F136D98-105A-4273-B422-FA37E5F80F9A}.Release|Any CPU.ActiveCfg = Release|Any CPU
		{1F136D98-105A-4273-B422-FA37E5F80F9A}.Release|Any CPU.Build.0 = Release|Any CPU
		{1F136D98-105A-4273-B422-FA37E5F80F9A}.Release|Any CPU.Deploy.0 = Release|Any CPU
		{1F136D98-105A-4273-B422-FA37E5F80F9A}.Release|iPhone.ActiveCfg = Release|Any CPU
		{1F136D98-105A-4273-B422-FA37E5F80F9A}.Release|iPhone.Build.0 = Release|Any CPU
		{1F136D98-105A-4273-B422-FA37E5F80F9A}.Release|iPhone.Deploy.0 = Release|Any CPU
		{1F136D98-105A-4273-B422-FA37E5F80F9A}.Release|iPhoneSimulator.ActiveCfg = Release|Any CPU
		{1F136D98-105A-4273-B422-FA37E5F80F9A}.Release|iPhoneSimulator.Build.0 = Release|Any CPU
		{1F136D98-105A-4273-B422-FA37E5F80F9A}.Release|iPhoneSimulator.Deploy.0 = Release|Any CPU
	EndGlobalSection
	GlobalSection(SolutionProperties) = preSolution
		HideSolutionNode = FALSE
	EndGlobalSection
	GlobalSection(ExtensibilityGlobals) = postSolution
		SolutionGuid = {866BC498-EE70-44A8-8D31-55290B291109}
	EndGlobalSection
EndGlobal
